
Microsoft Visual Studio Solution File, Format Version 12.00
# Visual Studio Version 17
VisualStudioVersion = 17.3.32811.315
MinimumVisualStudioVersion = 10.0.40219.1
Project("{9A19103F-16F7-4668-BE54-9A1E7A4F7556}") = "RuddyRex.Lib", "RuddyRex.Lib\RuddyRex.Lib.csproj", "{D62EE8D7-556E-4A1D-9B17-D0782C2627A4}"
EndProject
Project("{9A19103F-16F7-4668-BE54-9A1E7A4F7556}") = "RuddyRex.Tests", "RuddyRex.Tests\RuddyRex.Tests.csproj", "{104E4D27-556F-444B-AA67-20F66509F3EE}"
EndProject
Project("{9A19103F-16F7-4668-BE54-9A1E7A4F7556}") = "RuddyRex.LexerLayer", "RuddyRex.LexerLayer\RuddyRex.LexerLayer.csproj", "{0D1F5288-223D-43AA-B22F-454BD3CAF0A6}"
EndProject
Project("{9A19103F-16F7-4668-BE54-9A1E7A4F7556}") = "RuddyRex.ParserLayer", "RuddyRex.ParserLayer\RuddyRex.ParserLayer.csproj", "{D3DE3B82-5864-4D41-9EBA-2BFAA08DD117}"
EndProject
Project("{9A19103F-16F7-4668-BE54-9A1E7A4F7556}") = "RuddyRex.Transformation", "RuddyRex.Transformation\RuddyRex.Transformation.csproj", "{CD910EF6-860A-4BEE-A314-4DA8088C3F91}"
EndProject
Project("{9A19103F-16F7-4668-BE54-9A1E7A4F7556}") = "RuddyRex.CodeGeneration", "RuddyRex.CodeGeneration\RuddyRex.CodeGeneration.csproj", "{60AD8AAE-C129-4477-B430-B47387BE50F3}"
EndProject
Project("{FAE04EC0-301F-11D3-BF4B-00C04F79EFBC}") = "RuddyRex.GUI", "RuddyRex.GUI\RuddyRex.GUI.csproj", "{30B346B1-308B-4058-878E-2166A2A12787}"
EndProject
Global
	GlobalSection(SolutionConfigurationPlatforms) = preSolution
		Debug|Any CPU = Debug|Any CPU
		Release|Any CPU = Release|Any CPU
	EndGlobalSection
	GlobalSection(ProjectConfigurationPlatforms) = postSolution
		{D62EE8D7-556E-4A1D-9B17-D0782C2627A4}.Debug|Any CPU.ActiveCfg = Debug|Any CPU
		{D62EE8D7-556E-4A1D-9B17-D0782C2627A4}.Debug|Any CPU.Build.0 = Debug|Any CPU
		{D62EE8D7-556E-4A1D-9B17-D0782C2627A4}.Release|Any CPU.ActiveCfg = Release|Any CPU
		{D62EE8D7-556E-4A1D-9B17-D0782C2627A4}.Release|Any CPU.Build.0 = Release|Any CPU
		{104E4D27-556F-444B-AA67-20F66509F3EE}.Debug|Any CPU.ActiveCfg = Debug|Any CPU
		{104E4D27-556F-444B-AA67-20F66509F3EE}.Debug|Any CPU.Build.0 = Debug|Any CPU
		{104E4D27-556F-444B-AA67-20F66509F3EE}.Release|Any CPU.ActiveCfg = Release|Any CPU
		{104E4D27-556F-444B-AA67-20F66509F3EE}.Release|Any CPU.Build.0 = Release|Any CPU
		{0D1F5288-223D-43AA-B22F-454BD3CAF0A6}.Debug|Any CPU.ActiveCfg = Debug|Any CPU
		{0D1F5288-223D-43AA-B22F-454BD3CAF0A6}.Debug|Any CPU.Build.0 = Debug|Any CPU
		{0D1F5288-223D-43AA-B22F-454BD3CAF0A6}.Release|Any CPU.ActiveCfg = Release|Any CPU
		{0D1F5288-223D-43AA-B22F-454BD3CAF0A6}.Release|Any CPU.Build.0 = Release|Any CPU
		{D3DE3B82-5864-4D41-9EBA-2BFAA08DD117}.Debug|Any CPU.ActiveCfg = Debug|Any CPU
		{D3DE3B82-5864-4D41-9EBA-2BFAA08DD117}.Debug|Any CPU.Build.0 = Debug|Any CPU
		{D3DE3B82-5864-4D41-9EBA-2BFAA08DD117}.Release|Any CPU.ActiveCfg = Release|Any CPU
		{D3DE3B82-5864-4D41-9EBA-2BFAA08DD117}.Release|Any CPU.Build.0 = Release|Any CPU
		{CD910EF6-860A-4BEE-A314-4DA8088C3F91}.Debug|Any CPU.ActiveCfg = Debug|Any CPU
		{CD910EF6-860A-4BEE-A314-4DA8088C3F91}.Debug|Any CPU.Build.0 = Debug|Any CPU
		{CD910EF6-860A-4BEE-A314-4DA8088C3F91}.Release|Any CPU.ActiveCfg = Release|Any CPU
		{CD910EF6-860A-4BEE-A314-4DA8088C3F91}.Release|Any CPU.Build.0 = Release|Any CPU
		{60AD8AAE-C129-4477-B430-B47387BE50F3}.Debug|Any CPU.ActiveCfg = Debug|Any CPU
		{60AD8AAE-C129-4477-B430-B47387BE50F3}.Debug|Any CPU.Build.0 = Debug|Any CPU
		{60AD8AAE-C129-4477-B430-B47387BE50F3}.Release|Any CPU.ActiveCfg = Release|Any CPU
		{60AD8AAE-C129-4477-B430-B47387BE50F3}.Release|Any CPU.Build.0 = Release|Any CPU
		{30B346B1-308B-4058-878E-2166A2A12787}.Debug|Any CPU.ActiveCfg = Debug|Any CPU
		{30B346B1-308B-4058-878E-2166A2A12787}.Debug|Any CPU.Build.0 = Debug|Any CPU
		{30B346B1-308B-4058-878E-2166A2A12787}.Release|Any CPU.ActiveCfg = Release|Any CPU
		{30B346B1-308B-4058-878E-2166A2A12787}.Release|Any CPU.Build.0 = Release|Any CPU
	EndGlobalSection
	GlobalSection(SolutionProperties) = preSolution
		HideSolutionNode = FALSE
	EndGlobalSection
	GlobalSection(ExtensibilityGlobals) = postSolution
		SolutionGuid = {EE091F9C-7ABC-46CF-B335-0D39AC267F24}
	EndGlobalSection
EndGlobal
